
Microsoft Visual Studio Solution File, Format Version 12.00
# Visual Studio Version 17
VisualStudioVersion = 17.5.002.0
MinimumVisualStudioVersion = 10.0.40219.1
Project("{9A19103F-16F7-4668-BE54-9A1E7A4F7556}") = "dotnet-maui", "dotnet-maui.csproj", "{0BBAD989-5311-4026-986D-78FED7066E5B}"
EndProject
Global
	GlobalSection(SolutionConfigurationPlatforms) = preSolution
		Debug|Any CPU = Debug|Any CPU
		Release|Any CPU = Release|Any CPU
	EndGlobalSection
	GlobalSection(ProjectConfigurationPlatforms) = postSolution
		{0BBAD989-5311-4026-986D-78FED7066E5B}.Debug|Any CPU.ActiveCfg = Debug|Any CPU
		{0BBAD989-5311-4026-986D-78FED7066E5B}.Debug|Any CPU.Build.0 = Debug|Any CPU
		{0BBAD989-5311-4026-986D-78FED7066E5B}.Release|Any CPU.ActiveCfg = Release|Any CPU
		{0BBAD989-5311-4026-986D-78FED7066E5B}.Release|Any CPU.Build.0 = Release|Any CPU
	EndGlobalSection
	GlobalSection(SolutionProperties) = preSolution
		HideSolutionNode = FALSE
	EndGlobalSection
	GlobalSection(ExtensibilityGlobals) = postSolution
		SolutionGuid = {ADF13BEE-F58C-4963-BA2A-ACCE96996099}
	EndGlobalSection
EndGlobal
